
Microsoft Visual Studio Solution File, Format Version 12.00
# Visual Studio Version 16
VisualStudioVersion = 16.0.32002.261
MinimumVisualStudioVersion = 10.0.40219.1
Project("{9A19103F-16F7-4668-BE54-9A1E7A4F7556}") = "InformacoesMarvel", "InformacoesMarvel\InformacoesMarvel.csproj", "{2C00E2A7-8613-4F6A-9663-134956CB8E8E}"
EndProject
Project("{FAE04EC0-301F-11D3-BF4B-00C04F79EFBC}") = "InformacoesMarvel.Testes", "Testes\InformacoesMarvel.Testes\InformacoesMarvel.Testes.csproj", "{82F325B7-C139-4609-90A8-63A1975B0887}"
EndProject
Global
	GlobalSection(SolutionConfigurationPlatforms) = preSolution
		Debug|Any CPU = Debug|Any CPU
		Release|Any CPU = Release|Any CPU
	EndGlobalSection
	GlobalSection(ProjectConfigurationPlatforms) = postSolution
		{2C00E2A7-8613-4F6A-9663-134956CB8E8E}.Debug|Any CPU.ActiveCfg = Debug|Any CPU
		{2C00E2A7-8613-4F6A-9663-134956CB8E8E}.Debug|Any CPU.Build.0 = Debug|Any CPU
		{2C00E2A7-8613-4F6A-9663-134956CB8E8E}.Release|Any CPU.ActiveCfg = Release|Any CPU
		{2C00E2A7-8613-4F6A-9663-134956CB8E8E}.Release|Any CPU.Build.0 = Release|Any CPU
		{82F325B7-C139-4609-90A8-63A1975B0887}.Debug|Any CPU.ActiveCfg = Debug|Any CPU
		{82F325B7-C139-4609-90A8-63A1975B0887}.Debug|Any CPU.Build.0 = Debug|Any CPU
		{82F325B7-C139-4609-90A8-63A1975B0887}.Release|Any CPU.ActiveCfg = Release|Any CPU
		{82F325B7-C139-4609-90A8-63A1975B0887}.Release|Any CPU.Build.0 = Release|Any CPU
	EndGlobalSection
	GlobalSection(SolutionProperties) = preSolution
		HideSolutionNode = FALSE
	EndGlobalSection
	GlobalSection(ExtensibilityGlobals) = postSolution
		SolutionGuid = {C40EA713-979D-4E70-9605-555D07C95D91}
	EndGlobalSection
EndGlobal
